// !$*UTF8*$!
{
	archiveVersion = 1;
	classes = {
	};
	objectVersion = 56;
	objects = {

/* Begin PBXBuildFile section */
		2D813DB22BE57619006499A8 /* MyListButton.swift in Sources */ = {isa = PBXBuildFile; fileRef = 2D813DB12BE57619006499A8 /* MyListButton.swift */; };
		2D813DB42BE57C87006499A8 /* RateButton.swift in Sources */ = {isa = PBXBuildFile; fileRef = 2D813DB32BE57C87006499A8 /* RateButton.swift */; };
		2D813DB62BE584FA006499A8 /* ShareButton.swift in Sources */ = {isa = PBXBuildFile; fileRef = 2D813DB52BE584FA006499A8 /* ShareButton.swift */; };
		2D8794E32BE694B7009A20F7 /* Poppins-Bold.ttf in Resources */ = {isa = PBXBuildFile; fileRef = 2D8794DF2BE694B7009A20F7 /* Poppins-Bold.ttf */; };
		2D8794E42BE694B7009A20F7 /* Poppins-Regular.ttf in Resources */ = {isa = PBXBuildFile; fileRef = 2D8794E02BE694B7009A20F7 /* Poppins-Regular.ttf */; };
		2D8794E52BE694B7009A20F7 /* Poppins-Medium.ttf in Resources */ = {isa = PBXBuildFile; fileRef = 2D8794E12BE694B7009A20F7 /* Poppins-Medium.ttf */; };
		2D8794E62BE694B7009A20F7 /* Poppins-SemiBold.ttf in Resources */ = {isa = PBXBuildFile; fileRef = 2D8794E22BE694B7009A20F7 /* Poppins-SemiBold.ttf */; };
		2D8794E92BE69595009A20F7 /* Typography.swift in Sources */ = {isa = PBXBuildFile; fileRef = 2D8794E82BE69595009A20F7 /* Typography.swift */; };
		2D92BC132BE65D9F009BE277 /* DeviceKit in Frameworks */ = {isa = PBXBuildFile; productRef = 2D92BC122BE65D9F009BE277 /* DeviceKit */; };
		2D92BC152BE6706F009BE277 /* Device.swift in Sources */ = {isa = PBXBuildFile; fileRef = 2D92BC142BE6706F009BE277 /* Device.swift */; };
		2D92BC182BE67823009BE277 /* CornerRadius.swift in Sources */ = {isa = PBXBuildFile; fileRef = 2D92BC172BE67823009BE277 /* CornerRadius.swift */; };
		2D92BC1A2BE67A8B009BE277 /* Size.swift in Sources */ = {isa = PBXBuildFile; fileRef = 2D92BC192BE67A8B009BE277 /* Size.swift */; };
		2D92BC1C2BE68D92009BE277 /* DetailsProductViewButton.swift in Sources */ = {isa = PBXBuildFile; fileRef = 2D92BC1B2BE68D92009BE277 /* DetailsProductViewButton.swift */; };
		2D92BC1E2BE68F9C009BE277 /* Constants.swift in Sources */ = {isa = PBXBuildFile; fileRef = 2D92BC1D2BE68F9C009BE277 /* Constants.swift */; };
		2D9DBB2D2BE55E90009B2F64 /* DetailsProductView.swift in Sources */ = {isa = PBXBuildFile; fileRef = 2D9DBB2C2BE55E90009B2F64 /* DetailsProductView.swift */; };
		2DA2B7D82BE419C80035C81A /* ScrollViewWithOnScrollChanged.swift in Sources */ = {isa = PBXBuildFile; fileRef = 2DA2B7D72BE419C80035C81A /* ScrollViewWithOnScrollChanged.swift */; };
		2DA2B7DA2BE41A280035C81A /* LocationReader.swift in Sources */ = {isa = PBXBuildFile; fileRef = 2DA2B7D92BE41A280035C81A /* LocationReader.swift */; };
		2DA2B7DD2BE427CB0035C81A /* MoviewDetailsView.swift in Sources */ = {isa = PBXBuildFile; fileRef = 2DA2B7DC2BE427CB0035C81A /* MoviewDetailsView.swift */; };
		2DA2B7DF2BE4298B0035C81A /* DetailsHeaderView.swift in Sources */ = {isa = PBXBuildFile; fileRef = 2DA2B7DE2BE4298B0035C81A /* DetailsHeaderView.swift */; };
		2DA2B7E32BE553BA0035C81A /* CustomProgressBar.swift in Sources */ = {isa = PBXBuildFile; fileRef = 2DA2B7E22BE553BA0035C81A /* CustomProgressBar.swift */; };
		2DF4A0422BE245500046F4CE /* AnotherOneNetflixCloneApp.swift in Sources */ = {isa = PBXBuildFile; fileRef = 2DF4A0412BE245500046F4CE /* AnotherOneNetflixCloneApp.swift */; };
		2DF4A0462BE245510046F4CE /* Assets.xcassets in Resources */ = {isa = PBXBuildFile; fileRef = 2DF4A0452BE245510046F4CE /* Assets.xcassets */; };
		2DF4A0492BE245510046F4CE /* Preview Assets.xcassets in Resources */ = {isa = PBXBuildFile; fileRef = 2DF4A0482BE245510046F4CE /* Preview Assets.xcassets */; };
		2DF4A0512BE245D70046F4CE /* ComposableArchitecture in Frameworks */ = {isa = PBXBuildFile; productRef = 2DF4A0502BE245D70046F4CE /* ComposableArchitecture */; };
		2DF4A05A2BE246D60046F4CE /* DatabaseHelper.swift in Sources */ = {isa = PBXBuildFile; fileRef = 2DF4A0552BE246D60046F4CE /* DatabaseHelper.swift */; };
		2DF4A05B2BE246D60046F4CE /* ImageLoaderView.swift in Sources */ = {isa = PBXBuildFile; fileRef = 2DF4A0562BE246D60046F4CE /* ImageLoaderView.swift */; };
		2DF4A05C2BE246D60046F4CE /* Product.swift in Sources */ = {isa = PBXBuildFile; fileRef = 2DF4A0572BE246D60046F4CE /* Product.swift */; };
		2DF4A05E2BE246D60046F4CE /* User.swift in Sources */ = {isa = PBXBuildFile; fileRef = 2DF4A0592BE246D60046F4CE /* User.swift */; };
		2DF4A0642BE247860046F4CE /* SDWebImageSwiftUI in Frameworks */ = {isa = PBXBuildFile; productRef = 2DF4A0632BE247860046F4CE /* SDWebImageSwiftUI */; };
		2DF4A0672BE2484E0046F4CE /* Color+Extension.swift in Sources */ = {isa = PBXBuildFile; fileRef = 2DF4A0662BE2484E0046F4CE /* Color+Extension.swift */; };
		2DF4A0692BE248DE0046F4CE /* AppColors.swift in Sources */ = {isa = PBXBuildFile; fileRef = 2DF4A0682BE248DE0046F4CE /* AppColors.swift */; };
		2DF4A06C2BE24ADD0046F4CE /* HomeView.swift in Sources */ = {isa = PBXBuildFile; fileRef = 2DF4A06B2BE24ADD0046F4CE /* HomeView.swift */; };
		2DF4A06F2BE24F4C0046F4CE /* FilerCell.swift in Sources */ = {isa = PBXBuildFile; fileRef = 2DF4A06E2BE24F4C0046F4CE /* FilerCell.swift */; };
		2DF4A0712BE2522E0046F4CE /* FilterBarView.swift in Sources */ = {isa = PBXBuildFile; fileRef = 2DF4A0702BE2522E0046F4CE /* FilterBarView.swift */; };
		2DF4A0732BE2641F0046F4CE /* HeroCell.swift in Sources */ = {isa = PBXBuildFile; fileRef = 2DF4A0722BE2641F0046F4CE /* HeroCell.swift */; };
		2DF4A0752BE26F820046F4CE /* MainButton.swift in Sources */ = {isa = PBXBuildFile; fileRef = 2DF4A0742BE26F820046F4CE /* MainButton.swift */; };
		2DF4A0782BE273170046F4CE /* Icons.swift in Sources */ = {isa = PBXBuildFile; fileRef = 2DF4A0772BE273170046F4CE /* Icons.swift */; };
		2DF4A07A2BE274500046F4CE /* Space.swift in Sources */ = {isa = PBXBuildFile; fileRef = 2DF4A0792BE274500046F4CE /* Space.swift */; };
		2DF4A07C2BE275BC0046F4CE /* MainButtonStyle.swift in Sources */ = {isa = PBXBuildFile; fileRef = 2DF4A07B2BE275BC0046F4CE /* MainButtonStyle.swift */; };
		2DF4A07F2BE27F310046F4CE /* FrameReader.swift in Sources */ = {isa = PBXBuildFile; fileRef = 2DF4A07E2BE27F310046F4CE /* FrameReader.swift */; };
		2DF4A0842BE287A50046F4CE /* MovieCell.swift in Sources */ = {isa = PBXBuildFile; fileRef = 2DF4A0832BE287A50046F4CE /* MovieCell.swift */; };
		2DF6A4CA2BE69D1700DC1C25 /* TopTenIcon.swift in Sources */ = {isa = PBXBuildFile; fileRef = 2DF6A4C92BE69D1700DC1C25 /* TopTenIcon.swift */; };
		2DF6A4CC2BE6B53B00DC1C25 /* AppLogo.swift in Sources */ = {isa = PBXBuildFile; fileRef = 2DF6A4CB2BE6B53B00DC1C25 /* AppLogo.swift */; };
		2DF6A4CE2BE6DE5F00DC1C25 /* CGSize+Extension.swift in Sources */ = {isa = PBXBuildFile; fileRef = 2DF6A4CD2BE6DE5F00DC1C25 /* CGSize+Extension.swift */; };
		2DF6A4D02BE6DE7900DC1C25 /* View+Extension.swift in Sources */ = {isa = PBXBuildFile; fileRef = 2DF6A4CF2BE6DE7900DC1C25 /* View+Extension.swift */; };
		2DF6A4D72BE7822000DC1C25 /* AppHeader.swift in Sources */ = {isa = PBXBuildFile; fileRef = 2DF6A4D62BE7822000DC1C25 /* AppHeader.swift */; };
/* End PBXBuildFile section */

/* Begin PBXFileReference section */
		2D813DB12BE57619006499A8 /* MyListButton.swift */ = {isa = PBXFileReference; lastKnownFileType = sourcecode.swift; path = MyListButton.swift; sourceTree = "<group>"; };
		2D813DB32BE57C87006499A8 /* RateButton.swift */ = {isa = PBXFileReference; lastKnownFileType = sourcecode.swift; path = RateButton.swift; sourceTree = "<group>"; };
		2D813DB52BE584FA006499A8 /* ShareButton.swift */ = {isa = PBXFileReference; lastKnownFileType = sourcecode.swift; path = ShareButton.swift; sourceTree = "<group>"; };
		2D8794DF2BE694B7009A20F7 /* Poppins-Bold.ttf */ = {isa = PBXFileReference; lastKnownFileType = file; path = "Poppins-Bold.ttf"; sourceTree = "<group>"; };
		2D8794E02BE694B7009A20F7 /* Poppins-Regular.ttf */ = {isa = PBXFileReference; lastKnownFileType = file; path = "Poppins-Regular.ttf"; sourceTree = "<group>"; };
		2D8794E12BE694B7009A20F7 /* Poppins-Medium.ttf */ = {isa = PBXFileReference; lastKnownFileType = file; path = "Poppins-Medium.ttf"; sourceTree = "<group>"; };
		2D8794E22BE694B7009A20F7 /* Poppins-SemiBold.ttf */ = {isa = PBXFileReference; lastKnownFileType = file; path = "Poppins-SemiBold.ttf"; sourceTree = "<group>"; };
		2D8794E72BE69504009A20F7 /* Info.plist */ = {isa = PBXFileReference; lastKnownFileType = text.plist.xml; path = Info.plist; sourceTree = "<group>"; };
		2D8794E82BE69595009A20F7 /* Typography.swift */ = {isa = PBXFileReference; lastKnownFileType = sourcecode.swift; path = Typography.swift; sourceTree = "<group>"; };
		2D92BC142BE6706F009BE277 /* Device.swift */ = {isa = PBXFileReference; lastKnownFileType = sourcecode.swift; path = Device.swift; sourceTree = "<group>"; };
		2D92BC172BE67823009BE277 /* CornerRadius.swift */ = {isa = PBXFileReference; lastKnownFileType = sourcecode.swift; path = CornerRadius.swift; sourceTree = "<group>"; };
		2D92BC192BE67A8B009BE277 /* Size.swift */ = {isa = PBXFileReference; lastKnownFileType = sourcecode.swift; path = Size.swift; sourceTree = "<group>"; };
		2D92BC1B2BE68D92009BE277 /* DetailsProductViewButton.swift */ = {isa = PBXFileReference; lastKnownFileType = sourcecode.swift; path = DetailsProductViewButton.swift; sourceTree = "<group>"; };
		2D92BC1D2BE68F9C009BE277 /* Constants.swift */ = {isa = PBXFileReference; lastKnownFileType = sourcecode.swift; path = Constants.swift; sourceTree = "<group>"; };
		2D9DBB2C2BE55E90009B2F64 /* DetailsProductView.swift */ = {isa = PBXFileReference; lastKnownFileType = sourcecode.swift; path = DetailsProductView.swift; sourceTree = "<group>"; };
		2DA2B7D72BE419C80035C81A /* ScrollViewWithOnScrollChanged.swift */ = {isa = PBXFileReference; lastKnownFileType = sourcecode.swift; path = ScrollViewWithOnScrollChanged.swift; sourceTree = "<group>"; };
		2DA2B7D92BE41A280035C81A /* LocationReader.swift */ = {isa = PBXFileReference; lastKnownFileType = sourcecode.swift; path = LocationReader.swift; sourceTree = "<group>"; };
		2DA2B7DC2BE427CB0035C81A /* MoviewDetailsView.swift */ = {isa = PBXFileReference; lastKnownFileType = sourcecode.swift; path = MoviewDetailsView.swift; sourceTree = "<group>"; };
		2DA2B7DE2BE4298B0035C81A /* DetailsHeaderView.swift */ = {isa = PBXFileReference; lastKnownFileType = sourcecode.swift; path = DetailsHeaderView.swift; sourceTree = "<group>"; };
		2DA2B7E22BE553BA0035C81A /* CustomProgressBar.swift */ = {isa = PBXFileReference; lastKnownFileType = sourcecode.swift; path = CustomProgressBar.swift; sourceTree = "<group>"; };
		2DF4A03E2BE245500046F4CE /* AnotherOneNetflixClone.app */ = {isa = PBXFileReference; explicitFileType = wrapper.application; includeInIndex = 0; path = AnotherOneNetflixClone.app; sourceTree = BUILT_PRODUCTS_DIR; };
		2DF4A0412BE245500046F4CE /* AnotherOneNetflixCloneApp.swift */ = {isa = PBXFileReference; lastKnownFileType = sourcecode.swift; path = AnotherOneNetflixCloneApp.swift; sourceTree = "<group>"; };
		2DF4A0452BE245510046F4CE /* Assets.xcassets */ = {isa = PBXFileReference; lastKnownFileType = folder.assetcatalog; path = Assets.xcassets; sourceTree = "<group>"; };
		2DF4A0482BE245510046F4CE /* Preview Assets.xcassets */ = {isa = PBXFileReference; lastKnownFileType = folder.assetcatalog; path = "Preview Assets.xcassets"; sourceTree = "<group>"; };
		2DF4A0552BE246D60046F4CE /* DatabaseHelper.swift */ = {isa = PBXFileReference; fileEncoding = 4; lastKnownFileType = sourcecode.swift; path = DatabaseHelper.swift; sourceTree = "<group>"; };
		2DF4A0562BE246D60046F4CE /* ImageLoaderView.swift */ = {isa = PBXFileReference; fileEncoding = 4; lastKnownFileType = sourcecode.swift; path = ImageLoaderView.swift; sourceTree = "<group>"; };
		2DF4A0572BE246D60046F4CE /* Product.swift */ = {isa = PBXFileReference; fileEncoding = 4; lastKnownFileType = sourcecode.swift; path = Product.swift; sourceTree = "<group>"; };
		2DF4A0592BE246D60046F4CE /* User.swift */ = {isa = PBXFileReference; fileEncoding = 4; lastKnownFileType = sourcecode.swift; path = User.swift; sourceTree = "<group>"; };
		2DF4A0662BE2484E0046F4CE /* Color+Extension.swift */ = {isa = PBXFileReference; lastKnownFileType = sourcecode.swift; path = "Color+Extension.swift"; sourceTree = "<group>"; };
		2DF4A0682BE248DE0046F4CE /* AppColors.swift */ = {isa = PBXFileReference; lastKnownFileType = sourcecode.swift; path = AppColors.swift; sourceTree = "<group>"; };
		2DF4A06B2BE24ADD0046F4CE /* HomeView.swift */ = {isa = PBXFileReference; lastKnownFileType = sourcecode.swift; path = HomeView.swift; sourceTree = "<group>"; };
		2DF4A06E2BE24F4C0046F4CE /* FilerCell.swift */ = {isa = PBXFileReference; lastKnownFileType = sourcecode.swift; path = FilerCell.swift; sourceTree = "<group>"; };
		2DF4A0702BE2522E0046F4CE /* FilterBarView.swift */ = {isa = PBXFileReference; lastKnownFileType = sourcecode.swift; path = FilterBarView.swift; sourceTree = "<group>"; };
		2DF4A0722BE2641F0046F4CE /* HeroCell.swift */ = {isa = PBXFileReference; lastKnownFileType = sourcecode.swift; path = HeroCell.swift; sourceTree = "<group>"; };
		2DF4A0742BE26F820046F4CE /* MainButton.swift */ = {isa = PBXFileReference; lastKnownFileType = sourcecode.swift; path = MainButton.swift; sourceTree = "<group>"; };
		2DF4A0772BE273170046F4CE /* Icons.swift */ = {isa = PBXFileReference; lastKnownFileType = sourcecode.swift; path = Icons.swift; sourceTree = "<group>"; };
		2DF4A0792BE274500046F4CE /* Space.swift */ = {isa = PBXFileReference; lastKnownFileType = sourcecode.swift; path = Space.swift; sourceTree = "<group>"; };
		2DF4A07B2BE275BC0046F4CE /* MainButtonStyle.swift */ = {isa = PBXFileReference; lastKnownFileType = sourcecode.swift; path = MainButtonStyle.swift; sourceTree = "<group>"; };
		2DF4A07E2BE27F310046F4CE /* FrameReader.swift */ = {isa = PBXFileReference; lastKnownFileType = sourcecode.swift; path = FrameReader.swift; sourceTree = "<group>"; };
		2DF4A0832BE287A50046F4CE /* MovieCell.swift */ = {isa = PBXFileReference; lastKnownFileType = sourcecode.swift; path = MovieCell.swift; sourceTree = "<group>"; };
		2DF6A4C92BE69D1700DC1C25 /* TopTenIcon.swift */ = {isa = PBXFileReference; lastKnownFileType = sourcecode.swift; path = TopTenIcon.swift; sourceTree = "<group>"; };
		2DF6A4CB2BE6B53B00DC1C25 /* AppLogo.swift */ = {isa = PBXFileReference; lastKnownFileType = sourcecode.swift; path = AppLogo.swift; sourceTree = "<group>"; };
		2DF6A4CD2BE6DE5F00DC1C25 /* CGSize+Extension.swift */ = {isa = PBXFileReference; lastKnownFileType = sourcecode.swift; path = "CGSize+Extension.swift"; sourceTree = "<group>"; };
		2DF6A4CF2BE6DE7900DC1C25 /* View+Extension.swift */ = {isa = PBXFileReference; lastKnownFileType = sourcecode.swift; path = "View+Extension.swift"; sourceTree = "<group>"; };
		2DF6A4D62BE7822000DC1C25 /* AppHeader.swift */ = {isa = PBXFileReference; lastKnownFileType = sourcecode.swift; path = AppHeader.swift; sourceTree = "<group>"; };
/* End PBXFileReference section */

/* Begin PBXFrameworksBuildPhase section */
		2DF4A03B2BE245500046F4CE /* Frameworks */ = {
			isa = PBXFrameworksBuildPhase;
			buildActionMask = 2147483647;
			files = (
				2DF4A0642BE247860046F4CE /* SDWebImageSwiftUI in Frameworks */,
				2DF4A0512BE245D70046F4CE /* ComposableArchitecture in Frameworks */,
				2D92BC132BE65D9F009BE277 /* DeviceKit in Frameworks */,
			);
			runOnlyForDeploymentPostprocessing = 0;
		};
/* End PBXFrameworksBuildPhase section */

/* Begin PBXGroup section */
		2D8794DB2BE6917D009A20F7 /* Colors */ = {
			isa = PBXGroup;
			children = (
				2DF4A0682BE248DE0046F4CE /* AppColors.swift */,
			);
			path = Colors;
			sourceTree = "<group>";
		};
		2D8794DC2BE691A9009A20F7 /* Images */ = {
			isa = PBXGroup;
			children = (
				2DF6A4C82BE69D0400DC1C25 /* CustomIcons */,
				2DF4A0772BE273170046F4CE /* Icons.swift */,
			);
			path = Images;
			sourceTree = "<group>";
		};
		2D8794DE2BE69376009A20F7 /* Fonts */ = {
			isa = PBXGroup;
			children = (
				2D8794DF2BE694B7009A20F7 /* Poppins-Bold.ttf */,
				2D8794E12BE694B7009A20F7 /* Poppins-Medium.ttf */,
				2D8794E02BE694B7009A20F7 /* Poppins-Regular.ttf */,
				2D8794E22BE694B7009A20F7 /* Poppins-SemiBold.ttf */,
				2D8794E82BE69595009A20F7 /* Typography.swift */,
			);
			path = Fonts;
			sourceTree = "<group>";
		};
		2D92BC162BE674FE009BE277 /* DesignSystem */ = {
			isa = PBXGroup;
			children = (
				2D92BC142BE6706F009BE277 /* Device.swift */,
				2DF4A0792BE274500046F4CE /* Space.swift */,
				2D92BC172BE67823009BE277 /* CornerRadius.swift */,
				2D92BC192BE67A8B009BE277 /* Size.swift */,
			);
			path = DesignSystem;
			sourceTree = "<group>";
		};
		2D92BC1F2BE690D8009BE277 /* DetailsView */ = {
			isa = PBXGroup;
			children = (
				2DA2B7DE2BE4298B0035C81A /* DetailsHeaderView.swift */,
				2D9DBB2C2BE55E90009B2F64 /* DetailsProductView.swift */,
			);
			path = DetailsView;
			sourceTree = "<group>";
		};
		2DA2B7DB2BE427AC0035C81A /* MoviewDetailsFeature */ = {
			isa = PBXGroup;
			children = (
				2DA2B7DC2BE427CB0035C81A /* MoviewDetailsView.swift */,
			);
			path = MoviewDetailsFeature;
			sourceTree = "<group>";
		};
		2DF4A0352BE245500046F4CE = {
			isa = PBXGroup;
			children = (
				2DF4A0402BE245500046F4CE /* AnotherOneNetflixClone */,
				2DF4A03F2BE245500046F4CE /* Products */,
			);
			sourceTree = "<group>";
		};
		2DF4A03F2BE245500046F4CE /* Products */ = {
			isa = PBXGroup;
			children = (
				2DF4A03E2BE245500046F4CE /* AnotherOneNetflixClone.app */,
			);
			name = Products;
			sourceTree = "<group>";
		};
		2DF4A0402BE245500046F4CE /* AnotherOneNetflixClone */ = {
			isa = PBXGroup;
			children = (
				2DF4A07D2BE27F230046F4CE /* Helpers */,
				2DF4A06D2BE24F170046F4CE /* Components */,
				2DF4A0652BE248070046F4CE /* Extensions */,
				2DF4A0612BE2472D0046F4CE /* Resources */,
				2DF4A0602BE2470C0046F4CE /* App */,
				2DF4A05F2BE246F00046F4CE /* Screens */,
				2DF4A0542BE246CD0046F4CE /* Shared */,
				2DF4A0472BE245510046F4CE /* Preview Content */,
			);
			path = AnotherOneNetflixClone;
			sourceTree = "<group>";
		};
		2DF4A0472BE245510046F4CE /* Preview Content */ = {
			isa = PBXGroup;
			children = (
				2DF4A0482BE245510046F4CE /* Preview Assets.xcassets */,
			);
			path = "Preview Content";
			sourceTree = "<group>";
		};
		2DF4A0542BE246CD0046F4CE /* Shared */ = {
			isa = PBXGroup;
			children = (
				2DF4A0552BE246D60046F4CE /* DatabaseHelper.swift */,
				2DF4A0562BE246D60046F4CE /* ImageLoaderView.swift */,
				2DF4A0572BE246D60046F4CE /* Product.swift */,
				2DF4A0592BE246D60046F4CE /* User.swift */,
			);
			path = Shared;
			sourceTree = "<group>";
		};
		2DF4A05F2BE246F00046F4CE /* Screens */ = {
			isa = PBXGroup;
			children = (
				2DA2B7DB2BE427AC0035C81A /* MoviewDetailsFeature */,
				2DF4A06A2BE24A9F0046F4CE /* HomeFeature */,
			);
			path = Screens;
			sourceTree = "<group>";
		};
		2DF4A0602BE2470C0046F4CE /* App */ = {
			isa = PBXGroup;
			children = (
				2DF4A0412BE245500046F4CE /* AnotherOneNetflixCloneApp.swift */,
			);
			path = App;
			sourceTree = "<group>";
		};
		2DF4A0612BE2472D0046F4CE /* Resources */ = {
			isa = PBXGroup;
			children = (
				2D8794E72BE69504009A20F7 /* Info.plist */,
				2D92BC1D2BE68F9C009BE277 /* Constants.swift */,
				2D8794DE2BE69376009A20F7 /* Fonts */,
				2D8794DC2BE691A9009A20F7 /* Images */,
				2D8794DB2BE6917D009A20F7 /* Colors */,
				2D92BC162BE674FE009BE277 /* DesignSystem */,
				2DF4A0452BE245510046F4CE /* Assets.xcassets */,
			);
			path = Resources;
			sourceTree = "<group>";
		};
		2DF4A0652BE248070046F4CE /* Extensions */ = {
			isa = PBXGroup;
			children = (
				2DF4A0662BE2484E0046F4CE /* Color+Extension.swift */,
				2DF6A4CD2BE6DE5F00DC1C25 /* CGSize+Extension.swift */,
				2DF6A4CF2BE6DE7900DC1C25 /* View+Extension.swift */,
			);
			path = Extensions;
			sourceTree = "<group>";
		};
		2DF4A06A2BE24A9F0046F4CE /* HomeFeature */ = {
			isa = PBXGroup;
			children = (
				2DF4A06B2BE24ADD0046F4CE /* HomeView.swift */,
			);
			path = HomeFeature;
			sourceTree = "<group>";
		};
		2DF4A06D2BE24F170046F4CE /* Components */ = {
			isa = PBXGroup;
			children = (
				2DF6A4D12BE77E7600DC1C25 /* Header */,
				2D92BC1F2BE690D8009BE277 /* DetailsView */,
				2DF4A0802BE287620046F4CE /* FilterCell */,
				2DF4A0822BE287930046F4CE /* MovieCell */,
				2DF4A0812BE287800046F4CE /* HeroCell */,
				2DF4A0762BE272EF0046F4CE /* Buttons */,
			);
			path = Components;
			sourceTree = "<group>";
		};
		2DF4A0762BE272EF0046F4CE /* Buttons */ = {
			isa = PBXGroup;
			children = (
				2D813DB12BE57619006499A8 /* MyListButton.swift */,
				2D813DB32BE57C87006499A8 /* RateButton.swift */,
				2D813DB52BE584FA006499A8 /* ShareButton.swift */,
				2DF4A0742BE26F820046F4CE /* MainButton.swift */,
				2DF4A07B2BE275BC0046F4CE /* MainButtonStyle.swift */,
				2D92BC1B2BE68D92009BE277 /* DetailsProductViewButton.swift */,
			);
			path = Buttons;
			sourceTree = "<group>";
		};
		2DF4A07D2BE27F230046F4CE /* Helpers */ = {
			isa = PBXGroup;
			children = (
				2DF4A07E2BE27F310046F4CE /* FrameReader.swift */,
				2DA2B7D72BE419C80035C81A /* ScrollViewWithOnScrollChanged.swift */,
				2DA2B7D92BE41A280035C81A /* LocationReader.swift */,
				2DA2B7E22BE553BA0035C81A /* CustomProgressBar.swift */,
			);
			path = Helpers;
			sourceTree = "<group>";
		};
		2DF4A0802BE287620046F4CE /* FilterCell */ = {
			isa = PBXGroup;
			children = (
				2DF4A06E2BE24F4C0046F4CE /* FilerCell.swift */,
				2DF4A0702BE2522E0046F4CE /* FilterBarView.swift */,
			);
			path = FilterCell;
			sourceTree = "<group>";
		};
		2DF4A0812BE287800046F4CE /* HeroCell */ = {
			isa = PBXGroup;
			children = (
				2DF4A0722BE2641F0046F4CE /* HeroCell.swift */,
			);
			path = HeroCell;
			sourceTree = "<group>";
		};
		2DF4A0822BE287930046F4CE /* MovieCell */ = {
			isa = PBXGroup;
			children = (
				2DF4A0832BE287A50046F4CE /* MovieCell.swift */,
			);
			path = MovieCell;
			sourceTree = "<group>";
		};
		2DF6A4C82BE69D0400DC1C25 /* CustomIcons */ = {
			isa = PBXGroup;
			children = (
				2DF6A4C92BE69D1700DC1C25 /* TopTenIcon.swift */,
				2DF6A4CB2BE6B53B00DC1C25 /* AppLogo.swift */,
			);
			path = CustomIcons;
			sourceTree = "<group>";
		};
		2DF6A4D12BE77E7600DC1C25 /* Header */ = {
			isa = PBXGroup;
			children = (
				2DF6A4D62BE7822000DC1C25 /* AppHeader.swift */,
			);
			path = Header;
			sourceTree = "<group>";
		};
/* End PBXGroup section */

/* Begin PBXNativeTarget section */
		2DF4A03D2BE245500046F4CE /* AnotherOneNetflixClone */ = {
			isa = PBXNativeTarget;
			buildConfigurationList = 2DF4A04C2BE245510046F4CE /* Build configuration list for PBXNativeTarget "AnotherOneNetflixClone" */;
			buildPhases = (
				2DF4A03A2BE245500046F4CE /* Sources */,
				2DF4A03B2BE245500046F4CE /* Frameworks */,
				2DF4A03C2BE245500046F4CE /* Resources */,
			);
			buildRules = (
			);
			dependencies = (
			);
			name = AnotherOneNetflixClone;
			packageProductDependencies = (
				2DF4A0502BE245D70046F4CE /* ComposableArchitecture */,
				2DF4A0632BE247860046F4CE /* SDWebImageSwiftUI */,
				2D92BC122BE65D9F009BE277 /* DeviceKit */,
			);
			productName = AnotherOneNetflixClone;
			productReference = 2DF4A03E2BE245500046F4CE /* AnotherOneNetflixClone.app */;
			productType = "com.apple.product-type.application";
		};
/* End PBXNativeTarget section */

/* Begin PBXProject section */
		2DF4A0362BE245500046F4CE /* Project object */ = {
			isa = PBXProject;
			attributes = {
				BuildIndependentTargetsInParallel = 1;
				LastSwiftUpdateCheck = 1530;
				LastUpgradeCheck = 1530;
				TargetAttributes = {
					2DF4A03D2BE245500046F4CE = {
						CreatedOnToolsVersion = 15.3;
					};
				};
			};
			buildConfigurationList = 2DF4A0392BE245500046F4CE /* Build configuration list for PBXProject "AnotherOneNetflixClone" */;
			compatibilityVersion = "Xcode 14.0";
			developmentRegion = en;
			hasScannedForEncodings = 0;
			knownRegions = (
				en,
				Base,
			);
			mainGroup = 2DF4A0352BE245500046F4CE;
			packageReferences = (
				2DF4A04F2BE245D70046F4CE /* XCRemoteSwiftPackageReference "swift-composable-architecture" */,
				2DF4A0622BE247860046F4CE /* XCRemoteSwiftPackageReference "SDWebImageSwiftUI" */,
				2D92BC112BE65D9F009BE277 /* XCRemoteSwiftPackageReference "DeviceKit" */,
			);
			productRefGroup = 2DF4A03F2BE245500046F4CE /* Products */;
			projectDirPath = "";
			projectRoot = "";
			targets = (
				2DF4A03D2BE245500046F4CE /* AnotherOneNetflixClone */,
			);
		};
/* End PBXProject section */

/* Begin PBXResourcesBuildPhase section */
		2DF4A03C2BE245500046F4CE /* Resources */ = {
			isa = PBXResourcesBuildPhase;
			buildActionMask = 2147483647;
			files = (
				2DF4A0492BE245510046F4CE /* Preview Assets.xcassets in Resources */,
				2D8794E32BE694B7009A20F7 /* Poppins-Bold.ttf in Resources */,
				2DF4A0462BE245510046F4CE /* Assets.xcassets in Resources */,
				2D8794E62BE694B7009A20F7 /* Poppins-SemiBold.ttf in Resources */,
				2D8794E42BE694B7009A20F7 /* Poppins-Regular.ttf in Resources */,
				2D8794E52BE694B7009A20F7 /* Poppins-Medium.ttf in Resources */,
			);
			runOnlyForDeploymentPostprocessing = 0;
		};
/* End PBXResourcesBuildPhase section */

/* Begin PBXSourcesBuildPhase section */
		2DF4A03A2BE245500046F4CE /* Sources */ = {
			isa = PBXSourcesBuildPhase;
			buildActionMask = 2147483647;
			files = (
				2D813DB62BE584FA006499A8 /* ShareButton.swift in Sources */,
				2DF4A0782BE273170046F4CE /* Icons.swift in Sources */,
				2D8794E92BE69595009A20F7 /* Typography.swift in Sources */,
				2DA2B7DD2BE427CB0035C81A /* MoviewDetailsView.swift in Sources */,
				2DA2B7D82BE419C80035C81A /* ScrollViewWithOnScrollChanged.swift in Sources */,
				2DF6A4D72BE7822000DC1C25 /* AppHeader.swift in Sources */,
				2DA2B7E32BE553BA0035C81A /* CustomProgressBar.swift in Sources */,
				2DF4A06C2BE24ADD0046F4CE /* HomeView.swift in Sources */,
				2D92BC1A2BE67A8B009BE277 /* Size.swift in Sources */,
				2D92BC1E2BE68F9C009BE277 /* Constants.swift in Sources */,
				2DF4A0842BE287A50046F4CE /* MovieCell.swift in Sources */,
				2DF4A07A2BE274500046F4CE /* Space.swift in Sources */,
				2DF4A0672BE2484E0046F4CE /* Color+Extension.swift in Sources */,
				2DF4A07C2BE275BC0046F4CE /* MainButtonStyle.swift in Sources */,
				2DF6A4CA2BE69D1700DC1C25 /* TopTenIcon.swift in Sources */,
				2DA2B7DA2BE41A280035C81A /* LocationReader.swift in Sources */,
				2D92BC1C2BE68D92009BE277 /* DetailsProductViewButton.swift in Sources */,
				2DF4A05B2BE246D60046F4CE /* ImageLoaderView.swift in Sources */,
				2DF6A4CE2BE6DE5F00DC1C25 /* CGSize+Extension.swift in Sources */,
				2D813DB42BE57C87006499A8 /* RateButton.swift in Sources */,
				2DF4A0732BE2641F0046F4CE /* HeroCell.swift in Sources */,
				2DF4A07F2BE27F310046F4CE /* FrameReader.swift in Sources */,
				2D813DB22BE57619006499A8 /* MyListButton.swift in Sources */,
				2D9DBB2D2BE55E90009B2F64 /* DetailsProductView.swift in Sources */,
				2DF4A05C2BE246D60046F4CE /* Product.swift in Sources */,
				2DF4A05A2BE246D60046F4CE /* DatabaseHelper.swift in Sources */,
				2D92BC152BE6706F009BE277 /* Device.swift in Sources */,
				2DF4A0422BE245500046F4CE /* AnotherOneNetflixCloneApp.swift in Sources */,
				2DF4A06F2BE24F4C0046F4CE /* FilerCell.swift in Sources */,
				2D92BC182BE67823009BE277 /* CornerRadius.swift in Sources */,
				2DF6A4CC2BE6B53B00DC1C25 /* AppLogo.swift in Sources */,
				2DF4A0712BE2522E0046F4CE /* FilterBarView.swift in Sources */,
				2DF4A0692BE248DE0046F4CE /* AppColors.swift in Sources */,
				2DF6A4D02BE6DE7900DC1C25 /* View+Extension.swift in Sources */,
				2DA2B7DF2BE4298B0035C81A /* DetailsHeaderView.swift in Sources */,
				2DF4A0752BE26F820046F4CE /* MainButton.swift in Sources */,
				2DF4A05E2BE246D60046F4CE /* User.swift in Sources */,
			);
			runOnlyForDeploymentPostprocessing = 0;
		};
/* End PBXSourcesBuildPhase section */

/* Begin XCBuildConfiguration section */
		2DF4A04A2BE245510046F4CE /* Debug */ = {
			isa = XCBuildConfiguration;
			buildSettings = {
				ALWAYS_SEARCH_USER_PATHS = NO;
				ASSETCATALOG_COMPILER_GENERATE_SWIFT_ASSET_SYMBOL_EXTENSIONS = YES;
				CLANG_ANALYZER_NONNULL = YES;
				CLANG_ANALYZER_NUMBER_OBJECT_CONVERSION = YES_AGGRESSIVE;
				CLANG_CXX_LANGUAGE_STANDARD = "gnu++20";
				CLANG_ENABLE_MODULES = YES;
				CLANG_ENABLE_OBJC_ARC = YES;
				CLANG_ENABLE_OBJC_WEAK = YES;
				CLANG_WARN_BLOCK_CAPTURE_AUTORELEASING = YES;
				CLANG_WARN_BOOL_CONVERSION = YES;
				CLANG_WARN_COMMA = YES;
				CLANG_WARN_CONSTANT_CONVERSION = YES;
				CLANG_WARN_DEPRECATED_OBJC_IMPLEMENTATIONS = YES;
				CLANG_WARN_DIRECT_OBJC_ISA_USAGE = YES_ERROR;
				CLANG_WARN_DOCUMENTATION_COMMENTS = YES;
				CLANG_WARN_EMPTY_BODY = YES;
				CLANG_WARN_ENUM_CONVERSION = YES;
				CLANG_WARN_INFINITE_RECURSION = YES;
				CLANG_WARN_INT_CONVERSION = YES;
				CLANG_WARN_NON_LITERAL_NULL_CONVERSION = YES;
				CLANG_WARN_OBJC_IMPLICIT_RETAIN_SELF = YES;
				CLANG_WARN_OBJC_LITERAL_CONVERSION = YES;
				CLANG_WARN_OBJC_ROOT_CLASS = YES_ERROR;
				CLANG_WARN_QUOTED_INCLUDE_IN_FRAMEWORK_HEADER = YES;
				CLANG_WARN_RANGE_LOOP_ANALYSIS = YES;
				CLANG_WARN_STRICT_PROTOTYPES = YES;
				CLANG_WARN_SUSPICIOUS_MOVE = YES;
				CLANG_WARN_UNGUARDED_AVAILABILITY = YES_AGGRESSIVE;
				CLANG_WARN_UNREACHABLE_CODE = YES;
				CLANG_WARN__DUPLICATE_METHOD_MATCH = YES;
				COPY_PHASE_STRIP = NO;
				DEBUG_INFORMATION_FORMAT = dwarf;
				ENABLE_STRICT_OBJC_MSGSEND = YES;
				ENABLE_TESTABILITY = YES;
				ENABLE_USER_SCRIPT_SANDBOXING = YES;
				GCC_C_LANGUAGE_STANDARD = gnu17;
				GCC_DYNAMIC_NO_PIC = NO;
				GCC_NO_COMMON_BLOCKS = YES;
				GCC_OPTIMIZATION_LEVEL = 0;
				GCC_PREPROCESSOR_DEFINITIONS = (
					"DEBUG=1",
					"$(inherited)",
				);
				GCC_WARN_64_TO_32_BIT_CONVERSION = YES;
				GCC_WARN_ABOUT_RETURN_TYPE = YES_ERROR;
				GCC_WARN_UNDECLARED_SELECTOR = YES;
				GCC_WARN_UNINITIALIZED_AUTOS = YES_AGGRESSIVE;
				GCC_WARN_UNUSED_FUNCTION = YES;
				GCC_WARN_UNUSED_VARIABLE = YES;
				IPHONEOS_DEPLOYMENT_TARGET = 16.4;
				LOCALIZATION_PREFERS_STRING_CATALOGS = YES;
				MTL_ENABLE_DEBUG_INFO = INCLUDE_SOURCE;
				MTL_FAST_MATH = YES;
				ONLY_ACTIVE_ARCH = YES;
				SDKROOT = iphoneos;
				SWIFT_ACTIVE_COMPILATION_CONDITIONS = "DEBUG $(inherited)";
				SWIFT_OPTIMIZATION_LEVEL = "-Onone";
			};
			name = Debug;
		};
		2DF4A04B2BE245510046F4CE /* Release */ = {
			isa = XCBuildConfiguration;
			buildSettings = {
				ALWAYS_SEARCH_USER_PATHS = NO;
				ASSETCATALOG_COMPILER_GENERATE_SWIFT_ASSET_SYMBOL_EXTENSIONS = YES;
				CLANG_ANALYZER_NONNULL = YES;
				CLANG_ANALYZER_NUMBER_OBJECT_CONVERSION = YES_AGGRESSIVE;
				CLANG_CXX_LANGUAGE_STANDARD = "gnu++20";
				CLANG_ENABLE_MODULES = YES;
				CLANG_ENABLE_OBJC_ARC = YES;
				CLANG_ENABLE_OBJC_WEAK = YES;
				CLANG_WARN_BLOCK_CAPTURE_AUTORELEASING = YES;
				CLANG_WARN_BOOL_CONVERSION = YES;
				CLANG_WARN_COMMA = YES;
				CLANG_WARN_CONSTANT_CONVERSION = YES;
				CLANG_WARN_DEPRECATED_OBJC_IMPLEMENTATIONS = YES;
				CLANG_WARN_DIRECT_OBJC_ISA_USAGE = YES_ERROR;
				CLANG_WARN_DOCUMENTATION_COMMENTS = YES;
				CLANG_WARN_EMPTY_BODY = YES;
				CLANG_WARN_ENUM_CONVERSION = YES;
				CLANG_WARN_INFINITE_RECURSION = YES;
				CLANG_WARN_INT_CONVERSION = YES;
				CLANG_WARN_NON_LITERAL_NULL_CONVERSION = YES;
				CLANG_WARN_OBJC_IMPLICIT_RETAIN_SELF = YES;
				CLANG_WARN_OBJC_LITERAL_CONVERSION = YES;
				CLANG_WARN_OBJC_ROOT_CLASS = YES_ERROR;
				CLANG_WARN_QUOTED_INCLUDE_IN_FRAMEWORK_HEADER = YES;
				CLANG_WARN_RANGE_LOOP_ANALYSIS = YES;
				CLANG_WARN_STRICT_PROTOTYPES = YES;
				CLANG_WARN_SUSPICIOUS_MOVE = YES;
				CLANG_WARN_UNGUARDED_AVAILABILITY = YES_AGGRESSIVE;
				CLANG_WARN_UNREACHABLE_CODE = YES;
				CLANG_WARN__DUPLICATE_METHOD_MATCH = YES;
				COPY_PHASE_STRIP = NO;
				DEBUG_INFORMATION_FORMAT = "dwarf-with-dsym";
				ENABLE_NS_ASSERTIONS = NO;
				ENABLE_STRICT_OBJC_MSGSEND = YES;
				ENABLE_USER_SCRIPT_SANDBOXING = YES;
				GCC_C_LANGUAGE_STANDARD = gnu17;
				GCC_NO_COMMON_BLOCKS = YES;
				GCC_WARN_64_TO_32_BIT_CONVERSION = YES;
				GCC_WARN_ABOUT_RETURN_TYPE = YES_ERROR;
				GCC_WARN_UNDECLARED_SELECTOR = YES;
				GCC_WARN_UNINITIALIZED_AUTOS = YES_AGGRESSIVE;
				GCC_WARN_UNUSED_FUNCTION = YES;
				GCC_WARN_UNUSED_VARIABLE = YES;
				IPHONEOS_DEPLOYMENT_TARGET = 16.4;
				LOCALIZATION_PREFERS_STRING_CATALOGS = YES;
				MTL_ENABLE_DEBUG_INFO = NO;
				MTL_FAST_MATH = YES;
				SDKROOT = iphoneos;
				SWIFT_COMPILATION_MODE = wholemodule;
				VALIDATE_PRODUCT = YES;
			};
			name = Release;
		};
		2DF4A04D2BE245510046F4CE /* Debug */ = {
			isa = XCBuildConfiguration;
			buildSettings = {
				ASSETCATALOG_COMPILER_APPICON_NAME = AppIcon;
				ASSETCATALOG_COMPILER_GLOBAL_ACCENT_COLOR_NAME = AccentColor;
				CODE_SIGN_STYLE = Automatic;
				CURRENT_PROJECT_VERSION = 1;
				DEVELOPMENT_ASSET_PATHS = "\"AnotherOneNetflixClone/Preview Content\"";
				DEVELOPMENT_TEAM = "";
				ENABLE_PREVIEWS = YES;
				GENERATE_INFOPLIST_FILE = YES;
				INFOPLIST_FILE = AnotherOneNetflixClone/Resources/Info.plist;
				INFOPLIST_KEY_UIApplicationSceneManifest_Generation = YES;
				INFOPLIST_KEY_UIApplicationSupportsIndirectInputEvents = YES;
				INFOPLIST_KEY_UILaunchScreen_Generation = YES;
				INFOPLIST_KEY_UISupportedInterfaceOrientations_iPad = "UIInterfaceOrientationPortrait UIInterfaceOrientationPortraitUpsideDown UIInterfaceOrientationLandscapeLeft UIInterfaceOrientationLandscapeRight";
				INFOPLIST_KEY_UISupportedInterfaceOrientations_iPhone = "UIInterfaceOrientationPortrait UIInterfaceOrientationLandscapeLeft UIInterfaceOrientationLandscapeRight";
				IPHONEOS_DEPLOYMENT_TARGET = 16.4;
				LD_RUNPATH_SEARCH_PATHS = (
					"$(inherited)",
					"@executable_path/Frameworks",
				);
				MARKETING_VERSION = 1.0;
				PRODUCT_BUNDLE_IDENTIFIER = com.nk.kozlov.AnotherOneNetflixClone;
				PRODUCT_NAME = "$(TARGET_NAME)";
				SWIFT_EMIT_LOC_STRINGS = YES;
				SWIFT_VERSION = 5.0;
				TARGETED_DEVICE_FAMILY = "1,2";
			};
			name = Debug;
		};
		2DF4A04E2BE245510046F4CE /* Release */ = {
			isa = XCBuildConfiguration;
			buildSettings = {
				ASSETCATALOG_COMPILER_APPICON_NAME = AppIcon;
				ASSETCATALOG_COMPILER_GLOBAL_ACCENT_COLOR_NAME = AccentColor;
				CODE_SIGN_STYLE = Automatic;
				CURRENT_PROJECT_VERSION = 1;
				DEVELOPMENT_ASSET_PATHS = "\"AnotherOneNetflixClone/Preview Content\"";
				DEVELOPMENT_TEAM = "";
				ENABLE_PREVIEWS = YES;
				GENERATE_INFOPLIST_FILE = YES;
				INFOPLIST_FILE = AnotherOneNetflixClone/Resources/Info.plist;
				INFOPLIST_KEY_UIApplicationSceneManifest_Generation = YES;
				INFOPLIST_KEY_UIApplicationSupportsIndirectInputEvents = YES;
				INFOPLIST_KEY_UILaunchScreen_Generation = YES;
				INFOPLIST_KEY_UISupportedInterfaceOrientations_iPad = "UIInterfaceOrientationPortrait UIInterfaceOrientationPortraitUpsideDown UIInterfaceOrientationLandscapeLeft UIInterfaceOrientationLandscapeRight";
				INFOPLIST_KEY_UISupportedInterfaceOrientations_iPhone = "UIInterfaceOrientationPortrait UIInterfaceOrientationLandscapeLeft UIInterfaceOrientationLandscapeRight";
				IPHONEOS_DEPLOYMENT_TARGET = 16.4;
				LD_RUNPATH_SEARCH_PATHS = (
					"$(inherited)",
					"@executable_path/Frameworks",
				);
				MARKETING_VERSION = 1.0;
				PRODUCT_BUNDLE_IDENTIFIER = com.nk.kozlov.AnotherOneNetflixClone;
				PRODUCT_NAME = "$(TARGET_NAME)";
				SWIFT_EMIT_LOC_STRINGS = YES;
				SWIFT_VERSION = 5.0;
				TARGETED_DEVICE_FAMILY = "1,2";
			};
			name = Release;
		};
/* End XCBuildConfiguration section */

/* Begin XCConfigurationList section */
		2DF4A0392BE245500046F4CE /* Build configuration list for PBXProject "AnotherOneNetflixClone" */ = {
			isa = XCConfigurationList;
			buildConfigurations = (
				2DF4A04A2BE245510046F4CE /* Debug */,
				2DF4A04B2BE245510046F4CE /* Release */,
			);
			defaultConfigurationIsVisible = 0;
			defaultConfigurationName = Release;
		};
		2DF4A04C2BE245510046F4CE /* Build configuration list for PBXNativeTarget "AnotherOneNetflixClone" */ = {
			isa = XCConfigurationList;
			buildConfigurations = (
				2DF4A04D2BE245510046F4CE /* Debug */,
				2DF4A04E2BE245510046F4CE /* Release */,
			);
			defaultConfigurationIsVisible = 0;
			defaultConfigurationName = Release;
		};
/* End XCConfigurationList section */

/* Begin XCRemoteSwiftPackageReference section */
		2D92BC112BE65D9F009BE277 /* XCRemoteSwiftPackageReference "DeviceKit" */ = {
			isa = XCRemoteSwiftPackageReference;
			repositoryURL = "https://github.com/devicekit/DeviceKit.git";
			requirement = {
				kind = upToNextMajorVersion;
				minimumVersion = 5.2.3;
			};
		};
		2DF4A04F2BE245D70046F4CE /* XCRemoteSwiftPackageReference "swift-composable-architecture" */ = {
			isa = XCRemoteSwiftPackageReference;
			repositoryURL = "https://github.com/pointfreeco/swift-composable-architecture?tab=readme-ov-file#examples";
			requirement = {
				kind = upToNextMajorVersion;
				minimumVersion = 1.10.2;
			};
		};
		2DF4A0622BE247860046F4CE /* XCRemoteSwiftPackageReference "SDWebImageSwiftUI" */ = {
			isa = XCRemoteSwiftPackageReference;
			repositoryURL = "https://github.com/SDWebImage/SDWebImageSwiftUI";
			requirement = {
				kind = upToNextMajorVersion;
				minimumVersion = 3.0.4;
			};
		};
/* End XCRemoteSwiftPackageReference section */

/* Begin XCSwiftPackageProductDependency section */
		2D92BC122BE65D9F009BE277 /* DeviceKit */ = {
			isa = XCSwiftPackageProductDependency;
			package = 2D92BC112BE65D9F009BE277 /* XCRemoteSwiftPackageReference "DeviceKit" */;
			productName = DeviceKit;
		};
		2DF4A0502BE245D70046F4CE /* ComposableArchitecture */ = {
			isa = XCSwiftPackageProductDependency;
			package = 2DF4A04F2BE245D70046F4CE /* XCRemoteSwiftPackageReference "swift-composable-architecture" */;
			productName = ComposableArchitecture;
		};
		2DF4A0632BE247860046F4CE /* SDWebImageSwiftUI */ = {
			isa = XCSwiftPackageProductDependency;
			package = 2DF4A0622BE247860046F4CE /* XCRemoteSwiftPackageReference "SDWebImageSwiftUI" */;
			productName = SDWebImageSwiftUI;
		};
/* End XCSwiftPackageProductDependency section */
	};
	rootObject = 2DF4A0362BE245500046F4CE /* Project object */;
}
